
Microsoft Visual Studio Solution File, Format Version 12.00
# Visual Studio Version 17
VisualStudioVersion = 17.9.34616.47
MinimumVisualStudioVersion = 10.0.40219.1
Project("{FAE04EC0-301F-11D3-BF4B-00C04F79EFBC}") = "practica4.2", "practica4.2\practica4.2.csproj", "{AD894A67-6280-42BB-9AE7-8F408CA6AA0B}"
EndProject
Global
	GlobalSection(SolutionConfigurationPlatforms) = preSolution
		Debug|Any CPU = Debug|Any CPU
		Release|Any CPU = Release|Any CPU
	EndGlobalSection
	GlobalSection(ProjectConfigurationPlatforms) = postSolution
		{AD894A67-6280-42BB-9AE7-8F408CA6AA0B}.Debug|Any CPU.ActiveCfg = Debug|Any CPU
		{AD894A67-6280-42BB-9AE7-8F408CA6AA0B}.Debug|Any CPU.Build.0 = Debug|Any CPU
		{AD894A67-6280-42BB-9AE7-8F408CA6AA0B}.Release|Any CPU.ActiveCfg = Release|Any CPU
		{AD894A67-6280-42BB-9AE7-8F408CA6AA0B}.Release|Any CPU.Build.0 = Release|Any CPU
	EndGlobalSection
	GlobalSection(SolutionProperties) = preSolution
		HideSolutionNode = FALSE
	EndGlobalSection
	GlobalSection(ExtensibilityGlobals) = postSolution
		SolutionGuid = {EFEA81F8-A131-44D1-A28D-5518978068B3}
	EndGlobalSection
EndGlobal
